
Microsoft Visual Studio Solution File, Format Version 12.00
# Visual Studio Version 17
VisualStudioVersion = 17.7.34018.315
MinimumVisualStudioVersion = 10.0.40219.1
Project("{FAE04EC0-301F-11D3-BF4B-00C04F79EFBC}") = "taller punto 5", "taller punto 5.csproj", "{50AC31F1-3EF9-4327-A6A3-79A579D22751}"
EndProject
Global
	GlobalSection(SolutionConfigurationPlatforms) = preSolution
		Debug|Any CPU = Debug|Any CPU
		Release|Any CPU = Release|Any CPU
	EndGlobalSection
	GlobalSection(ProjectConfigurationPlatforms) = postSolution
		{50AC31F1-3EF9-4327-A6A3-79A579D22751}.Debug|Any CPU.ActiveCfg = Debug|Any CPU
		{50AC31F1-3EF9-4327-A6A3-79A579D22751}.Debug|Any CPU.Build.0 = Debug|Any CPU
		{50AC31F1-3EF9-4327-A6A3-79A579D22751}.Release|Any CPU.ActiveCfg = Release|Any CPU
		{50AC31F1-3EF9-4327-A6A3-79A579D22751}.Release|Any CPU.Build.0 = Release|Any CPU
	EndGlobalSection
	GlobalSection(SolutionProperties) = preSolution
		HideSolutionNode = FALSE
	EndGlobalSection
	GlobalSection(ExtensibilityGlobals) = postSolution
		SolutionGuid = {8BEA58AA-BD5A-482F-98B2-94DE7164CA19}
	EndGlobalSection
EndGlobal
